
Microsoft Visual Studio Solution File, Format Version 12.00
# Visual Studio Version 17
VisualStudioVersion = 17.5.002.0
MinimumVisualStudioVersion = 10.0.40219.1
Project("{9A19103F-16F7-4668-BE54-9A1E7A4F7556}") = "DemoApp", "DemoApp.csproj", "{F6E13834-FA92-44AF-A443-7F3C538D1A26}"
EndProject
Global
	GlobalSection(SolutionConfigurationPlatforms) = preSolution
		Debug|Any CPU = Debug|Any CPU
		Release|Any CPU = Release|Any CPU
	EndGlobalSection
	GlobalSection(ProjectConfigurationPlatforms) = postSolution
		{F6E13834-FA92-44AF-A443-7F3C538D1A26}.Debug|Any CPU.ActiveCfg = Debug|Any CPU
		{F6E13834-FA92-44AF-A443-7F3C538D1A26}.Debug|Any CPU.Build.0 = Debug|Any CPU
		{F6E13834-FA92-44AF-A443-7F3C538D1A26}.Release|Any CPU.ActiveCfg = Release|Any CPU
		{F6E13834-FA92-44AF-A443-7F3C538D1A26}.Release|Any CPU.Build.0 = Release|Any CPU
	EndGlobalSection
	GlobalSection(SolutionProperties) = preSolution
		HideSolutionNode = FALSE
	EndGlobalSection
	GlobalSection(ExtensibilityGlobals) = postSolution
		SolutionGuid = {DA6A2BB1-271F-41E8-98FF-9FFAEE71DFCD}
	EndGlobalSection
EndGlobal
